// !$*UTF8*$!
{
	archiveVersion = 1;
	classes = {
	};
	objectVersion = 46;
	objects = {

/* Begin PBXBuildFile section */
		315D5CCA1ECE04D60023067F /* main.m in Sources */ = {isa = PBXBuildFile; fileRef = 315D5CC91ECE04D60023067F /* main.m */; };
		315D5CCD1ECE04D60023067F /* AppDelegate.m in Sources */ = {isa = PBXBuildFile; fileRef = 315D5CCC1ECE04D60023067F /* AppDelegate.m */; };
		315D5CD01ECE04D60023067F /* ViewController.m in Sources */ = {isa = PBXBuildFile; fileRef = 315D5CCF1ECE04D60023067F /* ViewController.m */; };
		315D5CD31ECE04D60023067F /* Main.storyboard in Resources */ = {isa = PBXBuildFile; fileRef = 315D5CD11ECE04D60023067F /* Main.storyboard */; };
		315D5CD51ECE04D60023067F /* Assets.xcassets in Resources */ = {isa = PBXBuildFile; fileRef = 315D5CD41ECE04D60023067F /* Assets.xcassets */; };
		315D5CD81ECE04D60023067F /* LaunchScreen.storyboard in Resources */ = {isa = PBXBuildFile; fileRef = 315D5CD61ECE04D60023067F /* LaunchScreen.storyboard */; };
		315D5CE11ECE0AC40023067F /* WavyFlowLayout.m in Sources */ = {isa = PBXBuildFile; fileRef = 315D5CE01ECE0AC40023067F /* WavyFlowLayout.m */; };
/* End PBXBuildFile section */

/* Begin PBXFileReference section */
		315D5CC51ECE04D60023067F /* WavyCollectionView.app */ = {isa = PBXFileReference; explicitFileType = wrapper.application; includeInIndex = 0; path = WavyCollectionView.app; sourceTree = BUILT_PRODUCTS_DIR; };
		315D5CC91ECE04D60023067F /* main.m */ = {isa = PBXFileReference; lastKnownFileType = sourcecode.c.objc; path = main.m; sourceTree = "<group>"; };
		315D5CCB1ECE04D60023067F /* AppDelegate.h */ = {isa = PBXFileReference; lastKnownFileType = sourcecode.c.h; path = AppDelegate.h; sourceTree = "<group>"; };
		315D5CCC1ECE04D60023067F /* AppDelegate.m */ = {isa = PBXFileReference; lastKnownFileType = sourcecode.c.objc; path = AppDelegate.m; sourceTree = "<group>"; };
		315D5CCE1ECE04D60023067F /* ViewController.h */ = {isa = PBXFileReference; lastKnownFileType = sourcecode.c.h; path = ViewController.h; sourceTree = "<group>"; };
		315D5CCF1ECE04D60023067F /* ViewController.m */ = {isa = PBXFileReference; lastKnownFileType = sourcecode.c.objc; path = ViewController.m; sourceTree = "<group>"; };
		315D5CD21ECE04D60023067F /* Base */ = {isa = PBXFileReference; lastKnownFileType = file.storyboard; name = Base; path = Base.lproj/Main.storyboard; sourceTree = "<group>"; };
		315D5CD41ECE04D60023067F /* Assets.xcassets */ = {isa = PBXFileReference; lastKnownFileType = folder.assetcatalog; path = Assets.xcassets; sourceTree = "<group>"; };
		315D5CD71ECE04D60023067F /* Base */ = {isa = PBXFileReference; lastKnownFileType = file.storyboard; name = Base; path = Base.lproj/LaunchScreen.storyboard; sourceTree = "<group>"; };
		315D5CD91ECE04D60023067F /* Info.plist */ = {isa = PBXFileReference; lastKnownFileType = text.plist.xml; path = Info.plist; sourceTree = "<group>"; };
		315D5CDF1ECE0AC40023067F /* WavyFlowLayout.h */ = {isa = PBXFileReference; fileEncoding = 4; lastKnownFileType = sourcecode.c.h; path = WavyFlowLayout.h; sourceTree = "<group>"; };
		315D5CE01ECE0AC40023067F /* WavyFlowLayout.m */ = {isa = PBXFileReference; fileEncoding = 4; lastKnownFileType = sourcecode.c.objc; path = WavyFlowLayout.m; sourceTree = "<group>"; };
/* End PBXFileReference section */

/* Begin PBXFrameworksBuildPhase section */
		315D5CC21ECE04D60023067F /* Frameworks */ = {
			isa = PBXFrameworksBuildPhase;
			buildActionMask = 2147483647;
			files = (
			);
			runOnlyForDeploymentPostprocessing = 0;
		};
/* End PBXFrameworksBuildPhase section */

/* Begin PBXGroup section */
		315D5CBC1ECE04D50023067F = {
			isa = PBXGroup;
			children = (
				315D5CC71ECE04D60023067F /* WavyCollectionView */,
				315D5CC61ECE04D60023067F /* Products */,
			);
			sourceTree = "<group>";
		};
		315D5CC61ECE04D60023067F /* Products */ = {
			isa = PBXGroup;
			children = (
				315D5CC51ECE04D60023067F /* WavyCollectionView.app */,
			);
			name = Products;
			sourceTree = "<group>";
		};
		315D5CC71ECE04D60023067F /* WavyCollectionView */ = {
			isa = PBXGroup;
			children = (
				315D5CCB1ECE04D60023067F /* AppDelegate.h */,
				315D5CCC1ECE04D60023067F /* AppDelegate.m */,
				315D5CCE1ECE04D60023067F /* ViewController.h */,
				315D5CCF1ECE04D60023067F /* ViewController.m */,
				315D5CDF1ECE0AC40023067F /* WavyFlowLayout.h */,
				315D5CE01ECE0AC40023067F /* WavyFlowLayout.m */,
				315D5CD11ECE04D60023067F /* Main.storyboard */,
				315D5CD41ECE04D60023067F /* Assets.xcassets */,
				315D5CD61ECE04D60023067F /* LaunchScreen.storyboard */,
				315D5CD91ECE04D60023067F /* Info.plist */,
				315D5CC81ECE04D60023067F /* Supporting Files */,
			);
			path = WavyCollectionView;
			sourceTree = "<group>";
		};
		315D5CC81ECE04D60023067F /* Supporting Files */ = {
			isa = PBXGroup;
			children = (
				315D5CC91ECE04D60023067F /* main.m */,
			);
			name = "Supporting Files";
			sourceTree = "<group>";
		};
/* End PBXGroup section */

/* Begin PBXNativeTarget section */
		315D5CC41ECE04D60023067F /* WavyCollectionView */ = {
			isa = PBXNativeTarget;
			buildConfigurationList = 315D5CDC1ECE04D60023067F /* Build configuration list for PBXNativeTarget "WavyCollectionView" */;
			buildPhases = (
				315D5CC11ECE04D60023067F /* Sources */,
				315D5CC21ECE04D60023067F /* Frameworks */,
				315D5CC31ECE04D60023067F /* Resources */,
			);
			buildRules = (
			);
			dependencies = (
			);
			name = WavyCollectionView;
			productName = WavyCollectionView;
			productReference = 315D5CC51ECE04D60023067F /* WavyCollectionView.app */;
			productType = "com.apple.product-type.application";
		};
/* End PBXNativeTarget section */

/* Begin PBXProject section */
		315D5CBD1ECE04D50023067F /* Project object */ = {
			isa = PBXProject;
			attributes = {
				LastUpgradeCheck = 0830;
				ORGANIZATIONNAME = RushanBenazir;
				TargetAttributes = {
					315D5CC41ECE04D60023067F = {
						CreatedOnToolsVersion = 8.3.2;
						ProvisioningStyle = Automatic;
					};
				};
			};
			buildConfigurationList = 315D5CC01ECE04D50023067F /* Build configuration list for PBXProject "WavyCollectionView" */;
			compatibilityVersion = "Xcode 3.2";
			developmentRegion = English;
			hasScannedForEncodings = 0;
			knownRegions = (
				en,
				Base,
			);
			mainGroup = 315D5CBC1ECE04D50023067F;
			productRefGroup = 315D5CC61ECE04D60023067F /* Products */;
			projectDirPath = "";
			projectRoot = "";
			targets = (
				315D5CC41ECE04D60023067F /* WavyCollectionView */,
			);
		};
/* End PBXProject section */

/* Begin PBXResourcesBuildPhase section */
		315D5CC31ECE04D60023067F /* Resources */ = {
			isa = PBXResourcesBuildPhase;
			buildActionMask = 2147483647;
			files = (
				315D5CD81ECE04D60023067F /* LaunchScreen.storyboard in Resources */,
				315D5CD51ECE04D60023067F /* Assets.xcassets in Resources */,
				315D5CD31ECE04D60023067F /* Main.storyboard in Resources */,
			);
			runOnlyForDeploymentPostprocessing = 0;
		};
/* End PBXResourcesBuildPhase section */

/* Begin PBXSourcesBuildPhase section */
		315D5CC11ECE04D60023067F /* Sources */ = {
			isa = PBXSourcesBuildPhase;
			buildActionMask = 2147483647;
			files = (
				315D5CE11ECE0AC40023067F /* WavyFlowLayout.m in Sources */,
				315D5CD01ECE04D60023067F /* ViewController.m in Sources */,
				315D5CCD1ECE04D60023067F /* AppDelegate.m in Sources */,
				315D5CCA1ECE04D60023067F /* main.m in Sources */,
			);
			runOnlyForDeploymentPostprocessing = 0;
		};
/* End PBXSourcesBuildPhase section */

/* Begin PBXVariantGroup section */
		315D5CD11ECE04D60023067F /* Main.storyboard */ = {
			isa = PBXVariantGroup;
			children = (
				315D5CD21ECE04D60023067F /* Base */,
			);
			name = Main.storyboard;
			sourceTree = "<group>";
		};
		315D5CD61ECE04D60023067F /* LaunchScreen.storyboard */ = {
			isa = PBXVariantGroup;
			children = (
				315D5CD71ECE04D60023067F /* Base */,
			);
			name = LaunchScreen.storyboard;
			sourceTree = "<group>";
		};
/* End PBXVariantGroup section */

/* Begin XCBuildConfiguration section */
		315D5CDA1ECE04D60023067F /* Debug */ = {
			isa = XCBuildConfiguration;
			buildSettings = {
				ALWAYS_SEARCH_USER_PATHS = NO;
				CLANG_ANALYZER_NONNULL = YES;
				CLANG_ANALYZER_NUMBER_OBJECT_CONVERSION = YES_AGGRESSIVE;
				CLANG_CXX_LANGUAGE_STANDARD = "gnu++0x";
				CLANG_CXX_LIBRARY = "libc++";
				CLANG_ENABLE_MODULES = YES;
				CLANG_ENABLE_OBJC_ARC = YES;
				CLANG_WARN_BOOL_CONVERSION = YES;
				CLANG_WARN_CONSTANT_CONVERSION = YES;
				CLANG_WARN_DIRECT_OBJC_ISA_USAGE = YES_ERROR;
				CLANG_WARN_DOCUMENTATION_COMMENTS = YES;
				CLANG_WARN_EMPTY_BODY = YES;
				CLANG_WARN_ENUM_CONVERSION = YES;
				CLANG_WARN_INFINITE_RECURSION = YES;
				CLANG_WARN_INT_CONVERSION = YES;
				CLANG_WARN_OBJC_ROOT_CLASS = YES_ERROR;
				CLANG_WARN_SUSPICIOUS_MOVE = YES;
				CLANG_WARN_UNREACHABLE_CODE = YES;
				CLANG_WARN__DUPLICATE_METHOD_MATCH = YES;
				"CODE_SIGN_IDENTITY[sdk=iphoneos*]" = "iPhone Developer";
				COPY_PHASE_STRIP = NO;
				DEBUG_INFORMATION_FORMAT = dwarf;
				ENABLE_STRICT_OBJC_MSGSEND = YES;
				ENABLE_TESTABILITY = YES;
				GCC_C_LANGUAGE_STANDARD = gnu99;
				GCC_DYNAMIC_NO_PIC = NO;
				GCC_NO_COMMON_BLOCKS = YES;
				GCC_OPTIMIZATION_LEVEL = 0;
				GCC_PREPROCESSOR_DEFINITIONS = (
					"DEBUG=1",
					"$(inherited)",
				);
				GCC_WARN_64_TO_32_BIT_CONVERSION = YES;
				GCC_WARN_ABOUT_RETURN_TYPE = YES_ERROR;
				GCC_WARN_UNDECLARED_SELECTOR = YES;
				GCC_WARN_UNINITIALIZED_AUTOS = YES_AGGRESSIVE;
				GCC_WARN_UNUSED_FUNCTION = YES;
				GCC_WARN_UNUSED_VARIABLE = YES;
				IPHONEOS_DEPLOYMENT_TARGET = 10.3;
				MTL_ENABLE_DEBUG_INFO = YES;
				ONLY_ACTIVE_ARCH = YES;
				SDKROOT = iphoneos;
				TARGETED_DEVICE_FAMILY = 2;
			};
			name = Debug;
		};
		315D5CDB1ECE04D60023067F /* Release */ = {
			isa = XCBuildConfiguration;
			buildSettings = {
				ALWAYS_SEARCH_USER_PATHS = NO;
				CLANG_ANALYZER_NONNULL = YES;
				CLANG_ANALYZER_NUMBER_OBJECT_CONVERSION = YES_AGGRESSIVE;
				CLANG_CXX_LANGUAGE_STANDARD = "gnu++0x";
				CLANG_CXX_LIBRARY = "libc++";
				CLANG_ENABLE_MODULES = YES;
				CLANG_ENABLE_OBJC_ARC = YES;
				CLANG_WARN_BOOL_CONVERSION = YES;
				CLANG_WARN_CONSTANT_CONVERSION = YES;
				CLANG_WARN_DIRECT_OBJC_ISA_USAGE = YES_ERROR;
				CLANG_WARN_DOCUMENTATION_COMMENTS = YES;
				CLANG_WARN_EMPTY_BODY = YES;
				CLANG_WARN_ENUM_CONVERSION = YES;
				CLANG_WARN_INFINITE_RECURSION = YES;
				CLANG_WARN_INT_CONVERSION = YES;
				CLANG_WARN_OBJC_ROOT_CLASS = YES_ERROR;
				CLANG_WARN_SUSPICIOUS_MOVE = YES;
				CLANG_WARN_UNREACHABLE_CODE = YES;
				CLANG_WARN__DUPLICATE_METHOD_MATCH = YES;
				"CODE_SIGN_IDENTITY[sdk=iphoneos*]" = "iPhone Developer";
				COPY_PHASE_STRIP = NO;
				DEBUG_INFORMATION_FORMAT = "dwarf-with-dsym";
				ENABLE_NS_ASSERTIONS = NO;
				ENABLE_STRICT_OBJC_MSGSEND = YES;
				GCC_C_LANGUAGE_STANDARD = gnu99;
				GCC_NO_COMMON_BLOCKS = YES;
				GCC_WARN_64_TO_32_BIT_CONVERSION = YES;
				GCC_WARN_ABOUT_RETURN_TYPE = YES_ERROR;
				GCC_WARN_UNDECLARED_SELECTOR = YES;
				GCC_WARN_UNINITIALIZED_AUTOS = YES_AGGRESSIVE;
				GCC_WARN_UNUSED_FUNCTION = YES;
				GCC_WARN_UNUSED_VARIABLE = YES;
				IPHONEOS_DEPLOYMENT_TARGET = 10.3;
				MTL_ENABLE_DEBUG_INFO = NO;
				SDKROOT = iphoneos;
				TARGETED_DEVICE_FAMILY = 2;
				VALIDATE_PRODUCT = YES;
			};
			name = Release;
		};
		315D5CDD1ECE04D60023067F /* Debug */ = {
			isa = XCBuildConfiguration;
			buildSettings = {
				ASSETCATALOG_COMPILER_APPICON_NAME = AppIcon;
				INFOPLIST_FILE = WavyCollectionView/Info.plist;
				LD_RUNPATH_SEARCH_PATHS = "$(inherited) @executable_path/Frameworks";
				PRODUCT_BUNDLE_IDENTIFIER = RB.WavyCollectionView;
				PRODUCT_NAME = "$(TARGET_NAME)";
			};
			name = Debug;
		};
		315D5CDE1ECE04D60023067F /* Release */ = {
			isa = XCBuildConfiguration;
			buildSettings = {
				ASSETCATALOG_COMPILER_APPICON_NAME = AppIcon;
				INFOPLIST_FILE = WavyCollectionView/Info.plist;
				LD_RUNPATH_SEARCH_PATHS = "$(inherited) @executable_path/Frameworks";
				PRODUCT_BUNDLE_IDENTIFIER = RB.WavyCollectionView;
				PRODUCT_NAME = "$(TARGET_NAME)";
			};
			name = Release;
		};
/* End XCBuildConfiguration section */

/* Begin XCConfigurationList section */
		315D5CC01ECE04D50023067F /* Build configuration list for PBXProject "WavyCollectionView" */ = {
			isa = XCConfigurationList;
			buildConfigurations = (
				315D5CDA1ECE04D60023067F /* Debug */,
				315D5CDB1ECE04D60023067F /* Release */,
			);
			defaultConfigurationIsVisible = 0;
			defaultConfigurationName = Release;
		};
		315D5CDC1ECE04D60023067F /* Build configuration list for PBXNativeTarget "WavyCollectionView" */ = {
			isa = XCConfigurationList;
			buildConfigurations = (
				315D5CDD1ECE04D60023067F /* Debug */,
				315D5CDE1ECE04D60023067F /* Release */,
			);
			defaultConfigurationIsVisible = 0;
		};
/* End XCConfigurationList section */
	};
	rootObject = 315D5CBD1ECE04D50023067F /* Project object */;
}
